
Microsoft Visual Studio Solution File, Format Version 12.00
# Visual Studio Version 17
VisualStudioVersion = 17.11.35208.52
MinimumVisualStudioVersion = 10.0.40219.1
Project("{FAE04EC0-301F-11D3-BF4B-00C04F79EFBC}") = "INF.04-01-23.01-SG-Mikolaj", "INF.04-01-23.01-SG-Mikolaj\INF.04-01-23.01-SG-Mikolaj.csproj", "{262964F2-E116-44E0-AB3B-8EC1F10A9548}"
EndProject
Global
	GlobalSection(SolutionConfigurationPlatforms) = preSolution
		Debug|Any CPU = Debug|Any CPU
		Release|Any CPU = Release|Any CPU
	EndGlobalSection
	GlobalSection(ProjectConfigurationPlatforms) = postSolution
		{262964F2-E116-44E0-AB3B-8EC1F10A9548}.Debug|Any CPU.ActiveCfg = Debug|Any CPU
		{262964F2-E116-44E0-AB3B-8EC1F10A9548}.Debug|Any CPU.Build.0 = Debug|Any CPU
		{262964F2-E116-44E0-AB3B-8EC1F10A9548}.Debug|Any CPU.Deploy.0 = Debug|Any CPU
		{262964F2-E116-44E0-AB3B-8EC1F10A9548}.Release|Any CPU.ActiveCfg = Release|Any CPU
		{262964F2-E116-44E0-AB3B-8EC1F10A9548}.Release|Any CPU.Build.0 = Release|Any CPU
		{262964F2-E116-44E0-AB3B-8EC1F10A9548}.Release|Any CPU.Deploy.0 = Release|Any CPU
	EndGlobalSection
	GlobalSection(SolutionProperties) = preSolution
		HideSolutionNode = FALSE
	EndGlobalSection
	GlobalSection(ExtensibilityGlobals) = postSolution
		SolutionGuid = {87BAE4B7-94EB-4051-A4E7-B843BEF65A4E}
	EndGlobalSection
EndGlobal
